
Microsoft Visual Studio Solution File, Format Version 12.00
# Visual Studio 15
VisualStudioVersion = 15.0.28307.572
MinimumVisualStudioVersion = 10.0.40219.1
Project("{8BC9CEB8-8B4A-11D0-8D11-00A0C91BC942}") = "CodingGameMain", "CodingGameMain\CodingGameMain.vcxproj", "{2EAD2DD0-E612-4252-8194-BA56E37D1D0A}"
EndProject
Project("{8BC9CEB8-8B4A-11D0-8D11-00A0C91BC942}") = "HiddenWord", "HiddenWord\HiddenWord.vcxproj", "{5A301D37-2098-4179-B41F-757E9165DD2C}"
EndProject
Project("{8BC9CEB8-8B4A-11D0-8D11-00A0C91BC942}") = "PalindromicDecomposition", "PalindromicDecomposition\PalindromicDecomposition.vcxproj", "{BE366CB6-7CF8-46BD-AFDE-E68D759D466D}"
EndProject
Project("{8BC9CEB8-8B4A-11D0-8D11-00A0C91BC942}") = "NumberOfLettersInANumber", "NumberOfLettersInANumber\NumberOfLettersInANumber.vcxproj", "{2AFF90F4-33D2-4C3B-AD1F-BD22AAF95673}"
EndProject
Global
	GlobalSection(SolutionConfigurationPlatforms) = preSolution
		Debug|x64 = Debug|x64
		Debug|x86 = Debug|x86
		Release|x64 = Release|x64
		Release|x86 = Release|x86
	EndGlobalSection
	GlobalSection(ProjectConfigurationPlatforms) = postSolution
		{2EAD2DD0-E612-4252-8194-BA56E37D1D0A}.Debug|x64.ActiveCfg = Debug|x64
		{2EAD2DD0-E612-4252-8194-BA56E37D1D0A}.Debug|x64.Build.0 = Debug|x64
		{2EAD2DD0-E612-4252-8194-BA56E37D1D0A}.Debug|x86.ActiveCfg = Debug|Win32
		{2EAD2DD0-E612-4252-8194-BA56E37D1D0A}.Debug|x86.Build.0 = Debug|Win32
		{2EAD2DD0-E612-4252-8194-BA56E37D1D0A}.Release|x64.ActiveCfg = Release|x64
		{2EAD2DD0-E612-4252-8194-BA56E37D1D0A}.Release|x64.Build.0 = Release|x64
		{2EAD2DD0-E612-4252-8194-BA56E37D1D0A}.Release|x86.ActiveCfg = Release|Win32
		{2EAD2DD0-E612-4252-8194-BA56E37D1D0A}.Release|x86.Build.0 = Release|Win32
		{5A301D37-2098-4179-B41F-757E9165DD2C}.Debug|x64.ActiveCfg = Debug|x64
		{5A301D37-2098-4179-B41F-757E9165DD2C}.Debug|x64.Build.0 = Debug|x64
		{5A301D37-2098-4179-B41F-757E9165DD2C}.Debug|x86.ActiveCfg = Debug|Win32
		{5A301D37-2098-4179-B41F-757E9165DD2C}.Debug|x86.Build.0 = Debug|Win32
		{5A301D37-2098-4179-B41F-757E9165DD2C}.Release|x64.ActiveCfg = Release|x64
		{5A301D37-2098-4179-B41F-757E9165DD2C}.Release|x64.Build.0 = Release|x64
		{5A301D37-2098-4179-B41F-757E9165DD2C}.Release|x86.ActiveCfg = Release|Win32
		{5A301D37-2098-4179-B41F-757E9165DD2C}.Release|x86.Build.0 = Release|Win32
		{BE366CB6-7CF8-46BD-AFDE-E68D759D466D}.Debug|x64.ActiveCfg = Debug|x64
		{BE366CB6-7CF8-46BD-AFDE-E68D759D466D}.Debug|x64.Build.0 = Debug|x64
		{BE366CB6-7CF8-46BD-AFDE-E68D759D466D}.Debug|x86.ActiveCfg = Debug|Win32
		{BE366CB6-7CF8-46BD-AFDE-E68D759D466D}.Debug|x86.Build.0 = Debug|Win32
		{BE366CB6-7CF8-46BD-AFDE-E68D759D466D}.Release|x64.ActiveCfg = Release|x64
		{BE366CB6-7CF8-46BD-AFDE-E68D759D466D}.Release|x64.Build.0 = Release|x64
		{BE366CB6-7CF8-46BD-AFDE-E68D759D466D}.Release|x86.ActiveCfg = Release|Win32
		{BE366CB6-7CF8-46BD-AFDE-E68D759D466D}.Release|x86.Build.0 = Release|Win32
		{2AFF90F4-33D2-4C3B-AD1F-BD22AAF95673}.Debug|x64.ActiveCfg = Debug|x64
		{2AFF90F4-33D2-4C3B-AD1F-BD22AAF95673}.Debug|x64.Build.0 = Debug|x64
		{2AFF90F4-33D2-4C3B-AD1F-BD22AAF95673}.Debug|x86.ActiveCfg = Debug|Win32
		{2AFF90F4-33D2-4C3B-AD1F-BD22AAF95673}.Debug|x86.Build.0 = Debug|Win32
		{2AFF90F4-33D2-4C3B-AD1F-BD22AAF95673}.Release|x64.ActiveCfg = Release|x64
		{2AFF90F4-33D2-4C3B-AD1F-BD22AAF95673}.Release|x64.Build.0 = Release|x64
		{2AFF90F4-33D2-4C3B-AD1F-BD22AAF95673}.Release|x86.ActiveCfg = Release|Win32
		{2AFF90F4-33D2-4C3B-AD1F-BD22AAF95673}.Release|x86.Build.0 = Release|Win32
	EndGlobalSection
	GlobalSection(SolutionProperties) = preSolution
		HideSolutionNode = FALSE
	EndGlobalSection
	GlobalSection(ExtensibilityGlobals) = postSolution
		SolutionGuid = {9455FA65-9913-4119-8617-EDB8E328A00E}
	EndGlobalSection
EndGlobal
