
Microsoft Visual Studio Solution File, Format Version 12.00
# Visual Studio 15
VisualStudioVersion = 15.0.28307.168
MinimumVisualStudioVersion = 10.0.40219.1
Project("{8BC9CEB8-8B4A-11D0-8D11-00A0C91BC942}") = "CodinGameMain", "CodinGameMain\CodinGameMain.vcxproj", "{DB1024E7-F957-4C2B-ABDC-8EDE9DC9EF6E}"
	ProjectSection(ProjectDependencies) = postProject
		{FB2E6737-EB9B-4965-A971-805C6DB3B1A6} = {FB2E6737-EB9B-4965-A971-805C6DB3B1A6}
	EndProjectSection
EndProject
Project("{8BC9CEB8-8B4A-11D0-8D11-00A0C91BC942}") = "ANEOSponsoredPuzzle", "ANEOSponsoredPuzzle\ANEOSponsoredPuzzle.vcxproj", "{FB2E6737-EB9B-4965-A971-805C6DB3B1A6}"
EndProject
Project("{8BC9CEB8-8B4A-11D0-8D11-00A0C91BC942}") = "WinamaxSponsoredContest", "WinamaxSponsoredContest\WinamaxSponsoredContest.vcxproj", "{883D17C9-7203-4B28-A454-5E9F17B3FE1B}"
EndProject
Global
	GlobalSection(SolutionConfigurationPlatforms) = preSolution
		Debug|x64 = Debug|x64
		Debug|x86 = Debug|x86
		Release|x64 = Release|x64
		Release|x86 = Release|x86
	EndGlobalSection
	GlobalSection(ProjectConfigurationPlatforms) = postSolution
		{DB1024E7-F957-4C2B-ABDC-8EDE9DC9EF6E}.Debug|x64.ActiveCfg = Debug|x64
		{DB1024E7-F957-4C2B-ABDC-8EDE9DC9EF6E}.Debug|x64.Build.0 = Debug|x64
		{DB1024E7-F957-4C2B-ABDC-8EDE9DC9EF6E}.Debug|x86.ActiveCfg = Debug|Win32
		{DB1024E7-F957-4C2B-ABDC-8EDE9DC9EF6E}.Debug|x86.Build.0 = Debug|Win32
		{DB1024E7-F957-4C2B-ABDC-8EDE9DC9EF6E}.Release|x64.ActiveCfg = Release|x64
		{DB1024E7-F957-4C2B-ABDC-8EDE9DC9EF6E}.Release|x64.Build.0 = Release|x64
		{DB1024E7-F957-4C2B-ABDC-8EDE9DC9EF6E}.Release|x86.ActiveCfg = Release|Win32
		{DB1024E7-F957-4C2B-ABDC-8EDE9DC9EF6E}.Release|x86.Build.0 = Release|Win32
		{FB2E6737-EB9B-4965-A971-805C6DB3B1A6}.Debug|x64.ActiveCfg = Debug|x64
		{FB2E6737-EB9B-4965-A971-805C6DB3B1A6}.Debug|x64.Build.0 = Debug|x64
		{FB2E6737-EB9B-4965-A971-805C6DB3B1A6}.Debug|x86.ActiveCfg = Debug|Win32
		{FB2E6737-EB9B-4965-A971-805C6DB3B1A6}.Debug|x86.Build.0 = Debug|Win32
		{FB2E6737-EB9B-4965-A971-805C6DB3B1A6}.Release|x64.ActiveCfg = Release|x64
		{FB2E6737-EB9B-4965-A971-805C6DB3B1A6}.Release|x64.Build.0 = Release|x64
		{FB2E6737-EB9B-4965-A971-805C6DB3B1A6}.Release|x86.ActiveCfg = Release|Win32
		{FB2E6737-EB9B-4965-A971-805C6DB3B1A6}.Release|x86.Build.0 = Release|Win32
		{883D17C9-7203-4B28-A454-5E9F17B3FE1B}.Debug|x64.ActiveCfg = Debug|x64
		{883D17C9-7203-4B28-A454-5E9F17B3FE1B}.Debug|x64.Build.0 = Debug|x64
		{883D17C9-7203-4B28-A454-5E9F17B3FE1B}.Debug|x86.ActiveCfg = Debug|Win32
		{883D17C9-7203-4B28-A454-5E9F17B3FE1B}.Debug|x86.Build.0 = Debug|Win32
		{883D17C9-7203-4B28-A454-5E9F17B3FE1B}.Release|x64.ActiveCfg = Release|x64
		{883D17C9-7203-4B28-A454-5E9F17B3FE1B}.Release|x64.Build.0 = Release|x64
		{883D17C9-7203-4B28-A454-5E9F17B3FE1B}.Release|x86.ActiveCfg = Release|Win32
		{883D17C9-7203-4B28-A454-5E9F17B3FE1B}.Release|x86.Build.0 = Release|Win32
	EndGlobalSection
	GlobalSection(SolutionProperties) = preSolution
		HideSolutionNode = FALSE
	EndGlobalSection
	GlobalSection(ExtensibilityGlobals) = postSolution
		SolutionGuid = {FED2BA3E-73B9-4193-841E-022BB9D36BD4}
	EndGlobalSection
EndGlobal
