
Microsoft Visual Studio Solution File, Format Version 12.00
# Visual Studio 15
VisualStudioVersion = 15.0.28307.645
MinimumVisualStudioVersion = 10.0.40219.1
Project("{8BC9CEB8-8B4A-11D0-8D11-00A0C91BC942}") = "CodinGameMain", "CodinGameMain\CodinGameMain.vcxproj", "{612CFBD3-A5ED-420E-8BD1-2D91408985FB}"
EndProject
Project("{8BC9CEB8-8B4A-11D0-8D11-00A0C91BC942}") = "Bender1", "Bender1\Bender1.vcxproj", "{60D66C4D-9D97-411F-B2BF-8218EE4CDC04}"
EndProject
Global
	GlobalSection(SolutionConfigurationPlatforms) = preSolution
		Debug|x64 = Debug|x64
		Debug|x86 = Debug|x86
		Release|x64 = Release|x64
		Release|x86 = Release|x86
	EndGlobalSection
	GlobalSection(ProjectConfigurationPlatforms) = postSolution
		{612CFBD3-A5ED-420E-8BD1-2D91408985FB}.Debug|x64.ActiveCfg = Debug|x64
		{612CFBD3-A5ED-420E-8BD1-2D91408985FB}.Debug|x64.Build.0 = Debug|x64
		{612CFBD3-A5ED-420E-8BD1-2D91408985FB}.Debug|x86.ActiveCfg = Debug|Win32
		{612CFBD3-A5ED-420E-8BD1-2D91408985FB}.Debug|x86.Build.0 = Debug|Win32
		{612CFBD3-A5ED-420E-8BD1-2D91408985FB}.Release|x64.ActiveCfg = Release|x64
		{612CFBD3-A5ED-420E-8BD1-2D91408985FB}.Release|x64.Build.0 = Release|x64
		{612CFBD3-A5ED-420E-8BD1-2D91408985FB}.Release|x86.ActiveCfg = Release|Win32
		{612CFBD3-A5ED-420E-8BD1-2D91408985FB}.Release|x86.Build.0 = Release|Win32
		{60D66C4D-9D97-411F-B2BF-8218EE4CDC04}.Debug|x64.ActiveCfg = Debug|x64
		{60D66C4D-9D97-411F-B2BF-8218EE4CDC04}.Debug|x64.Build.0 = Debug|x64
		{60D66C4D-9D97-411F-B2BF-8218EE4CDC04}.Debug|x86.ActiveCfg = Debug|Win32
		{60D66C4D-9D97-411F-B2BF-8218EE4CDC04}.Debug|x86.Build.0 = Debug|Win32
		{60D66C4D-9D97-411F-B2BF-8218EE4CDC04}.Release|x64.ActiveCfg = Release|x64
		{60D66C4D-9D97-411F-B2BF-8218EE4CDC04}.Release|x64.Build.0 = Release|x64
		{60D66C4D-9D97-411F-B2BF-8218EE4CDC04}.Release|x86.ActiveCfg = Release|Win32
		{60D66C4D-9D97-411F-B2BF-8218EE4CDC04}.Release|x86.Build.0 = Release|Win32
	EndGlobalSection
	GlobalSection(SolutionProperties) = preSolution
		HideSolutionNode = FALSE
	EndGlobalSection
	GlobalSection(ExtensibilityGlobals) = postSolution
		SolutionGuid = {ECC3707A-05D7-4D4E-AE1F-CC9BAA955DA3}
	EndGlobalSection
EndGlobal
